
Microsoft Visual Studio Solution File, Format Version 12.00
# Visual Studio Version 17
VisualStudioVersion = 17.3.32901.215
MinimumVisualStudioVersion = 10.0.40219.1
Project("{FAE04EC0-301F-11D3-BF4B-00C04F79EFBC}") = "Exe5", "Exe5\Exe5.csproj", "{AAB68F25-778F-493B-90A4-89EFCEA9D39D}"
EndProject
Global
	GlobalSection(SolutionConfigurationPlatforms) = preSolution
		Debug|Any CPU = Debug|Any CPU
		Release|Any CPU = Release|Any CPU
	EndGlobalSection
	GlobalSection(ProjectConfigurationPlatforms) = postSolution
		{AAB68F25-778F-493B-90A4-89EFCEA9D39D}.Debug|Any CPU.ActiveCfg = Debug|Any CPU
		{AAB68F25-778F-493B-90A4-89EFCEA9D39D}.Debug|Any CPU.Build.0 = Debug|Any CPU
		{AAB68F25-778F-493B-90A4-89EFCEA9D39D}.Release|Any CPU.ActiveCfg = Release|Any CPU
		{AAB68F25-778F-493B-90A4-89EFCEA9D39D}.Release|Any CPU.Build.0 = Release|Any CPU
	EndGlobalSection
	GlobalSection(SolutionProperties) = preSolution
		HideSolutionNode = FALSE
	EndGlobalSection
	GlobalSection(ExtensibilityGlobals) = postSolution
		SolutionGuid = {7A676304-4662-4E01-96AA-24C3746F74E4}
	EndGlobalSection
EndGlobal
